
Microsoft Visual Studio Solution File, Format Version 12.00
# Visual Studio Version 16
VisualStudioVersion = 16.0.31005.135
MinimumVisualStudioVersion = 10.0.40219.1
Project("{9A19103F-16F7-4668-BE54-9A1E7A4F7556}") = "Instance", "Instance.csproj", "{36106251-3A3A-4474-A7EB-04161ADE59DD}"
EndProject
Project("{FAE04EC0-301F-11D3-BF4B-00C04F79EFBC}") = "Instance.Test", "..\Instance.Test\Instance.Test.csproj", "{6E6F635E-CB5E-4E14-BB6A-BC9D1A746C59}"
EndProject
Global
	GlobalSection(SolutionConfigurationPlatforms) = preSolution
		Debug|Any CPU = Debug|Any CPU
		Release|Any CPU = Release|Any CPU
	EndGlobalSection
	GlobalSection(ProjectConfigurationPlatforms) = postSolution
		{36106251-3A3A-4474-A7EB-04161ADE59DD}.Debug|Any CPU.ActiveCfg = Debug|Any CPU
		{36106251-3A3A-4474-A7EB-04161ADE59DD}.Debug|Any CPU.Build.0 = Debug|Any CPU
		{36106251-3A3A-4474-A7EB-04161ADE59DD}.Release|Any CPU.ActiveCfg = Release|Any CPU
		{36106251-3A3A-4474-A7EB-04161ADE59DD}.Release|Any CPU.Build.0 = Release|Any CPU
		{6E6F635E-CB5E-4E14-BB6A-BC9D1A746C59}.Debug|Any CPU.ActiveCfg = Debug|Any CPU
		{6E6F635E-CB5E-4E14-BB6A-BC9D1A746C59}.Debug|Any CPU.Build.0 = Debug|Any CPU
		{6E6F635E-CB5E-4E14-BB6A-BC9D1A746C59}.Release|Any CPU.ActiveCfg = Release|Any CPU
		{6E6F635E-CB5E-4E14-BB6A-BC9D1A746C59}.Release|Any CPU.Build.0 = Release|Any CPU
	EndGlobalSection
	GlobalSection(SolutionProperties) = preSolution
		HideSolutionNode = FALSE
	EndGlobalSection
	GlobalSection(ExtensibilityGlobals) = postSolution
		SolutionGuid = {ACB9EECD-BF47-4F0C-8AE9-06424695C81D}
	EndGlobalSection
EndGlobal
